<?xml version="1.0" encoding="utf-8"?>
<Project ToolsVersion="4.0" xmlns="http://schemas.microsoft.com/developer/msbuild/2003">
  <ItemGroup>
    <Filter Include="Source Files">
      <UniqueIdentifier>{4FC737F1-C7A5-4376-A066-2A32D752A2FF}</UniqueIdentifier>
      <Extensions>cpp;c;cc;cxx;def;odl;idl;hpj;bat;asm;asmx</Extensions>
    </Filter>
    <Filter Include="Header Files">
      <UniqueIdentifier>{93995380-89BD-4b04-88EB-625FBE52EBFB}</UniqueIdentifier>
      <Extensions>h;hh;hpp;hxx;hm;inl;inc;xsd</Extensions>
    </Filter>
    <Filter Include="Resource Files">
      <UniqueIdentifier>{D9D6E242-F8AF-46E4-B9FD-80ECBC20BA3E}</UniqueIdentifier>
      <Extensions>qrc;*</Extensions>
      <ParseFiles>false</ParseFiles>
    </Filter>
    <Filter Include="Form Files">
      <UniqueIdentifier>{99349809-55BA-4b9d-BF79-8FDBB0286EB3}</UniqueIdentifier>
      <Extensions>ui</Extensions>
    </Filter>
    <Filter Include="Resource Files">
      <UniqueIdentifier>{D9D6E242-F8AF-46E4-B9FD-80ECBC20BA3E}</UniqueIdentifier>
      <Extensions>qrc;*</Extensions>
      <ParseFiles>false</ParseFiles>
    </Filter>
    <Filter Include="Header Files\backend">
      <UniqueIdentifier>{e15d99ff-24cc-4a31-ba24-bbefefbaac5a}</UniqueIdentifier>
    </Filter>
    <Filter Include="Source Files\backend">
      <UniqueIdentifier>{f47dcec0-3a2e-4946-8b33-d99db41086ca}</UniqueIdentifier>
    </Filter>
  </ItemGroup>
  <ItemGroup>
    <ClCompile Include="main.cpp">
      <Filter>Source Files</Filter>
    </ClCompile>
    <ClCompile Include="button.cpp">
      <Filter>Source Files</Filter>
    </ClCompile>
    <ClCompile Include="Device.cpp">
      <Filter>Source Files\backend</Filter>
    </ClCompile>
    <ClCompile Include="Disk.cpp">
      <Filter>Source Files\backend</Filter>
    </ClCompile>
    <ClCompile Include="FileSystem.cpp">
      <Filter>Source Files\backend</Filter>
    </ClCompile>
    <ClCompile Include="Process.cpp">
      <Filter>Source Files\backend</Filter>
    </ClCompile>
    <ClCompile Include="inputwidget.cpp">
      <Filter>Source Files</Filter>
    </ClCompile>
    <ClCompile Include="mainscene.cpp">
      <Filter>Source Files</Filter>
    </ClCompile>
    <ClCompile Include="outputwidget.cpp">
      <Filter>Source Files</Filter>
    </ClCompile>
    <ClCompile Include="widget.cpp">
      <Filter>Source Files</Filter>
    </ClCompile>
    <ClCompile Include="MemoryManage.cpp">
      <Filter>Source Files\backend</Filter>
    </ClCompile>
    <ClCompile Include="mythread.cpp">
      <Filter>Source Files</Filter>
    </ClCompile>
    <ClCompile Include="threadDevice.cpp">
      <Filter>Source Files</Filter>
    </ClCompile>
  </ItemGroup>
  <ItemGroup>
    <QtUic Include="PaperDoll.ui">
      <Filter>Form Files</Filter>
    </QtUic>
  </ItemGroup>
  <ItemGroup>
    <QtRcc Include="PaperDoll.qrc">
      <Filter>Resource Files</Filter>
    </QtRcc>
  </ItemGroup>
  <ItemGroup>
    <QtMoc Include="button.h">
      <Filter>Header Files</Filter>
    </QtMoc>
    <QtMoc Include="inputwidget.h">
      <Filter>Header Files</Filter>
    </QtMoc>
    <QtMoc Include="mainscene.h">
      <Filter>Header Files</Filter>
    </QtMoc>
    <QtMoc Include="outputwidget.h">
      <Filter>Header Files</Filter>
    </QtMoc>
    <QtMoc Include="widget.h">
      <Filter>Header Files</Filter>
    </QtMoc>
    <QtMoc Include="Device.h">
      <Filter>Header Files\backend</Filter>
    </QtMoc>
  </ItemGroup>
  <ItemGroup>
    <ClInclude Include="MemoryManage.h">
      <Filter>Header Files\backend</Filter>
    </ClInclude>
    <ClInclude Include="disk.h">
      <Filter>Header Files\backend</Filter>
    </ClInclude>
    <ClInclude Include="ProcessManage.h">
      <Filter>Header Files\backend</Filter>
    </ClInclude>
    <ClInclude Include="FileSystem.h">
      <Filter>Header Files\backend</Filter>
    </ClInclude>
    <ClInclude Include="PROCESS.h">
      <Filter>Header Files\backend</Filter>
    </ClInclude>
    <ClInclude Include="mythread.h">
      <Filter>Header Files</Filter>
    </ClInclude>
    <ClInclude Include="threadDevice.h">
      <Filter>Header Files</Filter>
    </ClInclude>
  </ItemGroup>
</Project>